
Microsoft Visual Studio Solution File, Format Version 12.00
# Visual Studio Version 17
VisualStudioVersion = 17.9.34714.143
MinimumVisualStudioVersion = 10.0.40219.1
Project("{FAE04EC0-301F-11D3-BF4B-00C04F79EFBC}") = "Exceptions", "Exceptions\Exceptions.csproj", "{1F1A366E-8DB8-4EBE-8C8D-30AB8F06F723}"
EndProject
Global
	GlobalSection(SolutionConfigurationPlatforms) = preSolution
		Debug|Any CPU = Debug|Any CPU
		Release|Any CPU = Release|Any CPU
	EndGlobalSection
	GlobalSection(ProjectConfigurationPlatforms) = postSolution
		{1F1A366E-8DB8-4EBE-8C8D-30AB8F06F723}.Debug|Any CPU.ActiveCfg = Debug|Any CPU
		{1F1A366E-8DB8-4EBE-8C8D-30AB8F06F723}.Debug|Any CPU.Build.0 = Debug|Any CPU
		{1F1A366E-8DB8-4EBE-8C8D-30AB8F06F723}.Release|Any CPU.ActiveCfg = Release|Any CPU
		{1F1A366E-8DB8-4EBE-8C8D-30AB8F06F723}.Release|Any CPU.Build.0 = Release|Any CPU
	EndGlobalSection
	GlobalSection(SolutionProperties) = preSolution
		HideSolutionNode = FALSE
	EndGlobalSection
	GlobalSection(ExtensibilityGlobals) = postSolution
		SolutionGuid = {12A5FF92-06AA-4ED6-83A3-3B19C64019CF}
	EndGlobalSection
EndGlobal
